// !$*UTF8*$!
{
	archiveVersion = 1;
	classes = {
	};
	objectVersion = 51;
	objects = {

/* Begin PBXBuildFile section */
		8E4D93BB3DECF5A7FFDC06D2 /* Pods_flixster.framework in Frameworks */ = {isa = PBXBuildFile; fileRef = 64942AAB30EB85D854440F28 /* Pods_flixster.framework */; };
		9B65304E25C00DAB7F64D5B2 /* Pods_flixsterTests.framework in Frameworks */ = {isa = PBXBuildFile; fileRef = 9FDE5535EA8D94B03CDD7DC2 /* Pods_flixsterTests.framework */; };
		D2093B2A25D6600600B54FC7 /* MovieCell.swift in Sources */ = {isa = PBXBuildFile; fileRef = D2093B2925D6600600B54FC7 /* MovieCell.swift */; };
		D2093B3A25DB2B3700B54FC7 /* MovieDetailsViewController.swift in Sources */ = {isa = PBXBuildFile; fileRef = D2093B3925DB2B3700B54FC7 /* MovieDetailsViewController.swift */; };
		D20D598725D63ADD00C36814 /* AppDelegate.swift in Sources */ = {isa = PBXBuildFile; fileRef = D20D598625D63ADD00C36814 /* AppDelegate.swift */; };
		D20D598925D63ADD00C36814 /* SceneDelegate.swift in Sources */ = {isa = PBXBuildFile; fileRef = D20D598825D63ADD00C36814 /* SceneDelegate.swift */; };
		D20D598B25D63ADD00C36814 /* ViewController.swift in Sources */ = {isa = PBXBuildFile; fileRef = D20D598A25D63ADD00C36814 /* ViewController.swift */; };
		D20D599025D63AE300C36814 /* Assets.xcassets in Resources */ = {isa = PBXBuildFile; fileRef = D20D598F25D63AE300C36814 /* Assets.xcassets */; };
		D20D599325D63AE300C36814 /* LaunchScreen.storyboard in Resources */ = {isa = PBXBuildFile; fileRef = D20D599125D63AE300C36814 /* LaunchScreen.storyboard */; };
		D20D599E25D63AE300C36814 /* flixsterTests.swift in Sources */ = {isa = PBXBuildFile; fileRef = D20D599D25D63AE300C36814 /* flixsterTests.swift */; };
		D20D59A925D63AE300C36814 /* flixsterUITests.swift in Sources */ = {isa = PBXBuildFile; fileRef = D20D59A825D63AE300C36814 /* flixsterUITests.swift */; };
		D20D59C225D63ED300C36814 /* MoviesViewController.swift in Sources */ = {isa = PBXBuildFile; fileRef = D20D59C125D63ED200C36814 /* MoviesViewController.swift */; };
		D2D267B725D65F0A007B987D /* Main.storyboard in Resources */ = {isa = PBXBuildFile; fileRef = D2D267B625D65F0A007B987D /* Main.storyboard */; };
		D2E4268325E0489800AEC6C8 /* MovieGridViewController.swift in Sources */ = {isa = PBXBuildFile; fileRef = D2E4268225E0489800AEC6C8 /* MovieGridViewController.swift */; };
		D2E4268825E0548600AEC6C8 /* MovieGridCell.swift in Sources */ = {isa = PBXBuildFile; fileRef = D2E4268725E0548600AEC6C8 /* MovieGridCell.swift */; };
		F15B6B3CEEE77A6E493EE163 /* Pods_flixster_flixsterUITests.framework in Frameworks */ = {isa = PBXBuildFile; fileRef = B01F1070CAD0911BCDEDD53E /* Pods_flixster_flixsterUITests.framework */; };
/* End PBXBuildFile section */

/* Begin PBXContainerItemProxy section */
		D20D599A25D63AE300C36814 /* PBXContainerItemProxy */ = {
			isa = PBXContainerItemProxy;
			containerPortal = D20D597B25D63ADD00C36814 /* Project object */;
			proxyType = 1;
			remoteGlobalIDString = D20D598225D63ADD00C36814;
			remoteInfo = flixster;
		};
		D20D59A525D63AE300C36814 /* PBXContainerItemProxy */ = {
			isa = PBXContainerItemProxy;
			containerPortal = D20D597B25D63ADD00C36814 /* Project object */;
			proxyType = 1;
			remoteGlobalIDString = D20D598225D63ADD00C36814;
			remoteInfo = flixster;
		};
/* End PBXContainerItemProxy section */

/* Begin PBXFileReference section */
		44312D643D0376D0D4D6B15F /* Pods-flixsterTests.debug.xcconfig */ = {isa = PBXFileReference; includeInIndex = 1; lastKnownFileType = text.xcconfig; name = "Pods-flixsterTests.debug.xcconfig"; path = "Target Support Files/Pods-flixsterTests/Pods-flixsterTests.debug.xcconfig"; sourceTree = "<group>"; };
		64942AAB30EB85D854440F28 /* Pods_flixster.framework */ = {isa = PBXFileReference; explicitFileType = wrapper.framework; includeInIndex = 0; path = Pods_flixster.framework; sourceTree = BUILT_PRODUCTS_DIR; };
		71C3F008AEA1D80484DEBAA1 /* Pods-flixsterTests.release.xcconfig */ = {isa = PBXFileReference; includeInIndex = 1; lastKnownFileType = text.xcconfig; name = "Pods-flixsterTests.release.xcconfig"; path = "Target Support Files/Pods-flixsterTests/Pods-flixsterTests.release.xcconfig"; sourceTree = "<group>"; };
		8A94D8453B5E2F09C5273DC0 /* Pods-flixster-flixsterUITests.release.xcconfig */ = {isa = PBXFileReference; includeInIndex = 1; lastKnownFileType = text.xcconfig; name = "Pods-flixster-flixsterUITests.release.xcconfig"; path = "Target Support Files/Pods-flixster-flixsterUITests/Pods-flixster-flixsterUITests.release.xcconfig"; sourceTree = "<group>"; };
		93C9CA20BC4898554FEB6D83 /* Pods-flixster.debug.xcconfig */ = {isa = PBXFileReference; includeInIndex = 1; lastKnownFileType = text.xcconfig; name = "Pods-flixster.debug.xcconfig"; path = "Target Support Files/Pods-flixster/Pods-flixster.debug.xcconfig"; sourceTree = "<group>"; };
		9FDE5535EA8D94B03CDD7DC2 /* Pods_flixsterTests.framework */ = {isa = PBXFileReference; explicitFileType = wrapper.framework; includeInIndex = 0; path = Pods_flixsterTests.framework; sourceTree = BUILT_PRODUCTS_DIR; };
		B01F1070CAD0911BCDEDD53E /* Pods_flixster_flixsterUITests.framework */ = {isa = PBXFileReference; explicitFileType = wrapper.framework; includeInIndex = 0; path = Pods_flixster_flixsterUITests.framework; sourceTree = BUILT_PRODUCTS_DIR; };
		CB7B0E6DB993648D6253A0AA /* Pods-flixster.release.xcconfig */ = {isa = PBXFileReference; includeInIndex = 1; lastKnownFileType = text.xcconfig; name = "Pods-flixster.release.xcconfig"; path = "Target Support Files/Pods-flixster/Pods-flixster.release.xcconfig"; sourceTree = "<group>"; };
		CC09005D88DF03FA4F8C4AE2 /* Pods-flixster-flixsterUITests.debug.xcconfig */ = {isa = PBXFileReference; includeInIndex = 1; lastKnownFileType = text.xcconfig; name = "Pods-flixster-flixsterUITests.debug.xcconfig"; path = "Target Support Files/Pods-flixster-flixsterUITests/Pods-flixster-flixsterUITests.debug.xcconfig"; sourceTree = "<group>"; };
		D2093B2925D6600600B54FC7 /* MovieCell.swift */ = {isa = PBXFileReference; lastKnownFileType = sourcecode.swift; path = MovieCell.swift; sourceTree = "<group>"; };
		D2093B3925DB2B3700B54FC7 /* MovieDetailsViewController.swift */ = {isa = PBXFileReference; lastKnownFileType = sourcecode.swift; path = MovieDetailsViewController.swift; sourceTree = "<group>"; };
		D20D598325D63ADD00C36814 /* flixster.app */ = {isa = PBXFileReference; explicitFileType = wrapper.application; includeInIndex = 0; path = flixster.app; sourceTree = BUILT_PRODUCTS_DIR; };
		D20D598625D63ADD00C36814 /* AppDelegate.swift */ = {isa = PBXFileReference; lastKnownFileType = sourcecode.swift; path = AppDelegate.swift; sourceTree = "<group>"; };
		D20D598825D63ADD00C36814 /* SceneDelegate.swift */ = {isa = PBXFileReference; lastKnownFileType = sourcecode.swift; path = SceneDelegate.swift; sourceTree = "<group>"; };
		D20D598A25D63ADD00C36814 /* ViewController.swift */ = {isa = PBXFileReference; lastKnownFileType = sourcecode.swift; path = ViewController.swift; sourceTree = "<group>"; };
		D20D598F25D63AE300C36814 /* Assets.xcassets */ = {isa = PBXFileReference; lastKnownFileType = folder.assetcatalog; path = Assets.xcassets; sourceTree = "<group>"; };
		D20D599225D63AE300C36814 /* Base */ = {isa = PBXFileReference; lastKnownFileType = file.storyboard; name = Base; path = Base.lproj/LaunchScreen.storyboard; sourceTree = "<group>"; };
		D20D599425D63AE300C36814 /* Info.plist */ = {isa = PBXFileReference; lastKnownFileType = text.plist.xml; path = Info.plist; sourceTree = "<group>"; };
		D20D599925D63AE300C36814 /* flixsterTests.xctest */ = {isa = PBXFileReference; explicitFileType = wrapper.cfbundle; includeInIndex = 0; path = flixsterTests.xctest; sourceTree = BUILT_PRODUCTS_DIR; };
		D20D599D25D63AE300C36814 /* flixsterTests.swift */ = {isa = PBXFileReference; lastKnownFileType = sourcecode.swift; path = flixsterTests.swift; sourceTree = "<group>"; };
		D20D599F25D63AE300C36814 /* Info.plist */ = {isa = PBXFileReference; lastKnownFileType = text.plist.xml; path = Info.plist; sourceTree = "<group>"; };
		D20D59A425D63AE300C36814 /* flixsterUITests.xctest */ = {isa = PBXFileReference; explicitFileType = wrapper.cfbundle; includeInIndex = 0; path = flixsterUITests.xctest; sourceTree = BUILT_PRODUCTS_DIR; };
		D20D59A825D63AE300C36814 /* flixsterUITests.swift */ = {isa = PBXFileReference; lastKnownFileType = sourcecode.swift; path = flixsterUITests.swift; sourceTree = "<group>"; };
		D20D59AA25D63AE300C36814 /* Info.plist */ = {isa = PBXFileReference; lastKnownFileType = text.plist.xml; path = Info.plist; sourceTree = "<group>"; };
		D20D59C125D63ED200C36814 /* MoviesViewController.swift */ = {isa = PBXFileReference; lastKnownFileType = sourcecode.swift; path = MoviesViewController.swift; sourceTree = "<group>"; };
		D2D267B625D65F0A007B987D /* Main.storyboard */ = {isa = PBXFileReference; fileEncoding = 4; lastKnownFileType = file.storyboard; name = Main.storyboard; path = ../../Main.storyboard; sourceTree = "<group>"; };
		D2E4268225E0489800AEC6C8 /* MovieGridViewController.swift */ = {isa = PBXFileReference; lastKnownFileType = sourcecode.swift; path = MovieGridViewController.swift; sourceTree = "<group>"; };
		D2E4268725E0548600AEC6C8 /* MovieGridCell.swift */ = {isa = PBXFileReference; lastKnownFileType = sourcecode.swift; path = MovieGridCell.swift; sourceTree = "<group>"; };
/* End PBXFileReference section */

/* Begin PBXFrameworksBuildPhase section */
		D20D598025D63ADD00C36814 /* Frameworks */ = {
			isa = PBXFrameworksBuildPhase;
			buildActionMask = 2147483647;
			files = (
				8E4D93BB3DECF5A7FFDC06D2 /* Pods_flixster.framework in Frameworks */,
			);
			runOnlyForDeploymentPostprocessing = 0;
		};
		D20D599625D63AE300C36814 /* Frameworks */ = {
			isa = PBXFrameworksBuildPhase;
			buildActionMask = 2147483647;
			files = (
				9B65304E25C00DAB7F64D5B2 /* Pods_flixsterTests.framework in Frameworks */,
			);
			runOnlyForDeploymentPostprocessing = 0;
		};
		D20D59A125D63AE300C36814 /* Frameworks */ = {
			isa = PBXFrameworksBuildPhase;
			buildActionMask = 2147483647;
			files = (
				F15B6B3CEEE77A6E493EE163 /* Pods_flixster_flixsterUITests.framework in Frameworks */,
			);
			runOnlyForDeploymentPostprocessing = 0;
		};
/* End PBXFrameworksBuildPhase section */

/* Begin PBXGroup section */
		28B2CA005E1727C193F200A7 /* Frameworks */ = {
			isa = PBXGroup;
			children = (
				64942AAB30EB85D854440F28 /* Pods_flixster.framework */,
				B01F1070CAD0911BCDEDD53E /* Pods_flixster_flixsterUITests.framework */,
				9FDE5535EA8D94B03CDD7DC2 /* Pods_flixsterTests.framework */,
			);
			name = Frameworks;
			sourceTree = "<group>";
		};
		D20D597A25D63ADD00C36814 = {
			isa = PBXGroup;
			children = (
				D20D598525D63ADD00C36814 /* flixster */,
				D20D599C25D63AE300C36814 /* flixsterTests */,
				D20D59A725D63AE300C36814 /* flixsterUITests */,
				D20D598425D63ADD00C36814 /* Products */,
				FD6FA858805CBC1C06F7CDFF /* Pods */,
				28B2CA005E1727C193F200A7 /* Frameworks */,
			);
			sourceTree = "<group>";
		};
		D20D598425D63ADD00C36814 /* Products */ = {
			isa = PBXGroup;
			children = (
				D20D598325D63ADD00C36814 /* flixster.app */,
				D20D599925D63AE300C36814 /* flixsterTests.xctest */,
				D20D59A425D63AE300C36814 /* flixsterUITests.xctest */,
			);
			name = Products;
			sourceTree = "<group>";
		};
		D20D598525D63ADD00C36814 /* flixster */ = {
			isa = PBXGroup;
			children = (
				D20D598625D63ADD00C36814 /* AppDelegate.swift */,
				D20D598825D63ADD00C36814 /* SceneDelegate.swift */,
				D2D267B625D65F0A007B987D /* Main.storyboard */,
				D20D598A25D63ADD00C36814 /* ViewController.swift */,
				D20D598F25D63AE300C36814 /* Assets.xcassets */,
				D20D599125D63AE300C36814 /* LaunchScreen.storyboard */,
				D20D599425D63AE300C36814 /* Info.plist */,
				D2093B3925DB2B3700B54FC7 /* MovieDetailsViewController.swift */,
				D20D59C125D63ED200C36814 /* MoviesViewController.swift */,
				D2093B2925D6600600B54FC7 /* MovieCell.swift */,
				D2E4268225E0489800AEC6C8 /* MovieGridViewController.swift */,
				D2E4268725E0548600AEC6C8 /* MovieGridCell.swift */,
			);
			path = flixster;
			sourceTree = "<group>";
		};
		D20D599C25D63AE300C36814 /* flixsterTests */ = {
			isa = PBXGroup;
			children = (
				D20D599D25D63AE300C36814 /* flixsterTests.swift */,
				D20D599F25D63AE300C36814 /* Info.plist */,
			);
			path = flixsterTests;
			sourceTree = "<group>";
		};
		D20D59A725D63AE300C36814 /* flixsterUITests */ = {
			isa = PBXGroup;
			children = (
				D20D59A825D63AE300C36814 /* flixsterUITests.swift */,
				D20D59AA25D63AE300C36814 /* Info.plist */,
			);
			path = flixsterUITests;
			sourceTree = "<group>";
		};
		FD6FA858805CBC1C06F7CDFF /* Pods */ = {
			isa = PBXGroup;
			children = (
				93C9CA20BC4898554FEB6D83 /* Pods-flixster.debug.xcconfig */,
				CB7B0E6DB993648D6253A0AA /* Pods-flixster.release.xcconfig */,
				CC09005D88DF03FA4F8C4AE2 /* Pods-flixster-flixsterUITests.debug.xcconfig */,
				8A94D8453B5E2F09C5273DC0 /* Pods-flixster-flixsterUITests.release.xcconfig */,
				44312D643D0376D0D4D6B15F /* Pods-flixsterTests.debug.xcconfig */,
				71C3F008AEA1D80484DEBAA1 /* Pods-flixsterTests.release.xcconfig */,
			);
			path = Pods;
			sourceTree = "<group>";
		};
/* End PBXGroup section */

/* Begin PBXNativeTarget section */
		D20D598225D63ADD00C36814 /* flixster */ = {
			isa = PBXNativeTarget;
			buildConfigurationList = D20D59AD25D63AE300C36814 /* Build configuration list for PBXNativeTarget "flixster" */;
			buildPhases = (
				7C57112819AA26EE38F850AC /* [CP] Check Pods Manifest.lock */,
				D20D597F25D63ADD00C36814 /* Sources */,
				D20D598025D63ADD00C36814 /* Frameworks */,
				D20D598125D63ADD00C36814 /* Resources */,
				A64B6D65F94DE034DAC2414B /* [CP] Embed Pods Frameworks */,
			);
			buildRules = (
			);
			dependencies = (
			);
			name = flixster;
			productName = flixster;
			productReference = D20D598325D63ADD00C36814 /* flixster.app */;
			productType = "com.apple.product-type.application";
		};
		D20D599825D63AE300C36814 /* flixsterTests */ = {
			isa = PBXNativeTarget;
			buildConfigurationList = D20D59B025D63AE300C36814 /* Build configuration list for PBXNativeTarget "flixsterTests" */;
			buildPhases = (
				8C8F40D35F11F21947696D76 /* [CP] Check Pods Manifest.lock */,
				D20D599525D63AE300C36814 /* Sources */,
				D20D599625D63AE300C36814 /* Frameworks */,
				D20D599725D63AE300C36814 /* Resources */,
			);
			buildRules = (
			);
			dependencies = (
				D20D599B25D63AE300C36814 /* PBXTargetDependency */,
			);
			name = flixsterTests;
			productName = flixsterTests;
			productReference = D20D599925D63AE300C36814 /* flixsterTests.xctest */;
			productType = "com.apple.product-type.bundle.unit-test";
		};
		D20D59A325D63AE300C36814 /* flixsterUITests */ = {
			isa = PBXNativeTarget;
			buildConfigurationList = D20D59B325D63AE300C36814 /* Build configuration list for PBXNativeTarget "flixsterUITests" */;
			buildPhases = (
				753E1B9B0AA81B2FB9CA7D14 /* [CP] Check Pods Manifest.lock */,
				D20D59A025D63AE300C36814 /* Sources */,
				D20D59A125D63AE300C36814 /* Frameworks */,
				D20D59A225D63AE300C36814 /* Resources */,
				3ED701F993498D74B30384CC /* [CP] Embed Pods Frameworks */,
			);
			buildRules = (
			);
			dependencies = (
				D20D59A625D63AE300C36814 /* PBXTargetDependency */,
			);
			name = flixsterUITests;
			productName = flixsterUITests;
			productReference = D20D59A425D63AE300C36814 /* flixsterUITests.xctest */;
			productType = "com.apple.product-type.bundle.ui-testing";
		};
/* End PBXNativeTarget section */

/* Begin PBXProject section */
		D20D597B25D63ADD00C36814 /* Project object */ = {
			isa = PBXProject;
			attributes = {
				LastSwiftUpdateCheck = 1230;
				LastUpgradeCheck = 1230;
				TargetAttributes = {
					D20D598225D63ADD00C36814 = {
						CreatedOnToolsVersion = 12.3;
					};
					D20D599825D63AE300C36814 = {
						CreatedOnToolsVersion = 12.3;
						TestTargetID = D20D598225D63ADD00C36814;
					};
					D20D59A325D63AE300C36814 = {
						CreatedOnToolsVersion = 12.3;
						TestTargetID = D20D598225D63ADD00C36814;
					};
				};
			};
			buildConfigurationList = D20D597E25D63ADD00C36814 /* Build configuration list for PBXProject "flixster" */;
			compatibilityVersion = "Xcode 9.3";
			developmentRegion = en;
			hasScannedForEncodings = 0;
			knownRegions = (
				en,
				Base,
			);
			mainGroup = D20D597A25D63ADD00C36814;
			productRefGroup = D20D598425D63ADD00C36814 /* Products */;
			projectDirPath = "";
			projectRoot = "";
			targets = (
				D20D598225D63ADD00C36814 /* flixster */,
				D20D599825D63AE300C36814 /* flixsterTests */,
				D20D59A325D63AE300C36814 /* flixsterUITests */,
			);
		};
/* End PBXProject section */

/* Begin PBXResourcesBuildPhase section */
		D20D598125D63ADD00C36814 /* Resources */ = {
			isa = PBXResourcesBuildPhase;
			buildActionMask = 2147483647;
			files = (
				D2D267B725D65F0A007B987D /* Main.storyboard in Resources */,
				D20D599325D63AE300C36814 /* LaunchScreen.storyboard in Resources */,
				D20D599025D63AE300C36814 /* Assets.xcassets in Resources */,
			);
			runOnlyForDeploymentPostprocessing = 0;
		};
		D20D599725D63AE300C36814 /* Resources */ = {
			isa = PBXResourcesBuildPhase;
			buildActionMask = 2147483647;
			files = (
			);
			runOnlyForDeploymentPostprocessing = 0;
		};
		D20D59A225D63AE300C36814 /* Resources */ = {
			isa = PBXResourcesBuildPhase;
			buildActionMask = 2147483647;
			files = (
			);
			runOnlyForDeploymentPostprocessing = 0;
		};
/* End PBXResourcesBuildPhase section */

/* Begin PBXShellScriptBuildPhase section */
		3ED701F993498D74B30384CC /* [CP] Embed Pods Frameworks */ = {
			isa = PBXShellScriptBuildPhase;
			buildActionMask = 2147483647;
			files = (
			);
			inputFileListPaths = (
				"${PODS_ROOT}/Target Support Files/Pods-flixster-flixsterUITests/Pods-flixster-flixsterUITests-frameworks-${CONFIGURATION}-input-files.xcfilelist",
			);
			name = "[CP] Embed Pods Frameworks";
			outputFileListPaths = (
				"${PODS_ROOT}/Target Support Files/Pods-flixster-flixsterUITests/Pods-flixster-flixsterUITests-frameworks-${CONFIGURATION}-output-files.xcfilelist",
			);
			runOnlyForDeploymentPostprocessing = 0;
			shellPath = /bin/sh;
			shellScript = "\"${PODS_ROOT}/Target Support Files/Pods-flixster-flixsterUITests/Pods-flixster-flixsterUITests-frameworks.sh\"\n";
			showEnvVarsInLog = 0;
		};
		753E1B9B0AA81B2FB9CA7D14 /* [CP] Check Pods Manifest.lock */ = {
			isa = PBXShellScriptBuildPhase;
			buildActionMask = 2147483647;
			files = (
			);
			inputFileListPaths = (
			);
			inputPaths = (
				"${PODS_PODFILE_DIR_PATH}/Podfile.lock",
				"${PODS_ROOT}/Manifest.lock",
			);
			name = "[CP] Check Pods Manifest.lock";
			outputFileListPaths = (
			);
			outputPaths = (
				"$(DERIVED_FILE_DIR)/Pods-flixster-flixsterUITests-checkManifestLockResult.txt",
			);
			runOnlyForDeploymentPostprocessing = 0;
			shellPath = /bin/sh;
			shellScript = "diff \"${PODS_PODFILE_DIR_PATH}/Podfile.lock\" \"${PODS_ROOT}/Manifest.lock\" > /dev/null\nif [ $? != 0 ] ; then\n    # print error to STDERR\n    echo \"error: The sandbox is not in sync with the Podfile.lock. Run 'pod install' or update your CocoaPods installation.\" >&2\n    exit 1\nfi\n# This output is used by Xcode 'outputs' to avoid re-running this script phase.\necho \"SUCCESS\" > \"${SCRIPT_OUTPUT_FILE_0}\"\n";
			showEnvVarsInLog = 0;
		};
		7C57112819AA26EE38F850AC /* [CP] Check Pods Manifest.lock */ = {
			isa = PBXShellScriptBuildPhase;
			buildActionMask = 2147483647;
			files = (
			);
			inputFileListPaths = (
			);
			inputPaths = (
				"${PODS_PODFILE_DIR_PATH}/Podfile.lock",
				"${PODS_ROOT}/Manifest.lock",
			);
			name = "[CP] Check Pods Manifest.lock";
			outputFileListPaths = (
			);
			outputPaths = (
				"$(DERIVED_FILE_DIR)/Pods-flixster-checkManifestLockResult.txt",
			);
			runOnlyForDeploymentPostprocessing = 0;
			shellPath = /bin/sh;
			shellScript = "diff \"${PODS_PODFILE_DIR_PATH}/Podfile.lock\" \"${PODS_ROOT}/Manifest.lock\" > /dev/null\nif [ $? != 0 ] ; then\n    # print error to STDERR\n    echo \"error: The sandbox is not in sync with the Podfile.lock. Run 'pod install' or update your CocoaPods installation.\" >&2\n    exit 1\nfi\n# This output is used by Xcode 'outputs' to avoid re-running this script phase.\necho \"SUCCESS\" > \"${SCRIPT_OUTPUT_FILE_0}\"\n";
			showEnvVarsInLog = 0;
		};
		8C8F40D35F11F21947696D76 /* [CP] Check Pods Manifest.lock */ = {
			isa = PBXShellScriptBuildPhase;
			buildActionMask = 2147483647;
			files = (
			);
			inputFileListPaths = (
			);
			inputPaths = (
				"${PODS_PODFILE_DIR_PATH}/Podfile.lock",
				"${PODS_ROOT}/Manifest.lock",
			);
			name = "[CP] Check Pods Manifest.lock";
			outputFileListPaths = (
			);
			outputPaths = (
				"$(DERIVED_FILE_DIR)/Pods-flixsterTests-checkManifestLockResult.txt",
			);
			runOnlyForDeploymentPostprocessing = 0;
			shellPath = /bin/sh;
			shellScript = "diff \"${PODS_PODFILE_DIR_PATH}/Podfile.lock\" \"${PODS_ROOT}/Manifest.lock\" > /dev/null\nif [ $? != 0 ] ; then\n    # print error to STDERR\n    echo \"error: The sandbox is not in sync with the Podfile.lock. Run 'pod install' or update your CocoaPods installation.\" >&2\n    exit 1\nfi\n# This output is used by Xcode 'outputs' to avoid re-running this script phase.\necho \"SUCCESS\" > \"${SCRIPT_OUTPUT_FILE_0}\"\n";
			showEnvVarsInLog = 0;
		};
		A64B6D65F94DE034DAC2414B /* [CP] Embed Pods Frameworks */ = {
			isa = PBXShellScriptBuildPhase;
			buildActionMask = 2147483647;
			files = (
			);
			inputFileListPaths = (
				"${PODS_ROOT}/Target Support Files/Pods-flixster/Pods-flixster-frameworks-${CONFIGURATION}-input-files.xcfilelist",
			);
			name = "[CP] Embed Pods Frameworks";
			outputFileListPaths = (
				"${PODS_ROOT}/Target Support Files/Pods-flixster/Pods-flixster-frameworks-${CONFIGURATION}-output-files.xcfilelist",
			);
			runOnlyForDeploymentPostprocessing = 0;
			shellPath = /bin/sh;
			shellScript = "\"${PODS_ROOT}/Target Support Files/Pods-flixster/Pods-flixster-frameworks.sh\"\n";
			showEnvVarsInLog = 0;
		};
/* End PBXShellScriptBuildPhase section */

/* Begin PBXSourcesBuildPhase section */
		D20D597F25D63ADD00C36814 /* Sources */ = {
			isa = PBXSourcesBuildPhase;
			buildActionMask = 2147483647;
			files = (
				D20D598B25D63ADD00C36814 /* ViewController.swift in Sources */,
				D20D598725D63ADD00C36814 /* AppDelegate.swift in Sources */,
				D2093B3A25DB2B3700B54FC7 /* MovieDetailsViewController.swift in Sources */,
				D2E4268325E0489800AEC6C8 /* MovieGridViewController.swift in Sources */,
				D2E4268825E0548600AEC6C8 /* MovieGridCell.swift in Sources */,
				D20D598925D63ADD00C36814 /* SceneDelegate.swift in Sources */,
				D2093B2A25D6600600B54FC7 /* MovieCell.swift in Sources */,
				D20D59C225D63ED300C36814 /* MoviesViewController.swift in Sources */,
			);
			runOnlyForDeploymentPostprocessing = 0;
		};
		D20D599525D63AE300C36814 /* Sources */ = {
			isa = PBXSourcesBuildPhase;
			buildActionMask = 2147483647;
			files = (
				D20D599E25D63AE300C36814 /* flixsterTests.swift in Sources */,
			);
			runOnlyForDeploymentPostprocessing = 0;
		};
		D20D59A025D63AE300C36814 /* Sources */ = {
			isa = PBXSourcesBuildPhase;
			buildActionMask = 2147483647;
			files = (
				D20D59A925D63AE300C36814 /* flixsterUITests.swift in Sources */,
			);
			runOnlyForDeploymentPostprocessing = 0;
		};
/* End PBXSourcesBuildPhase section */

/* Begin PBXTargetDependency section */
		D20D599B25D63AE300C36814 /* PBXTargetDependency */ = {
			isa = PBXTargetDependency;
			target = D20D598225D63ADD00C36814 /* flixster */;
			targetProxy = D20D599A25D63AE300C36814 /* PBXContainerItemProxy */;
		};
		D20D59A625D63AE300C36814 /* PBXTargetDependency */ = {
			isa = PBXTargetDependency;
			target = D20D598225D63ADD00C36814 /* flixster */;
			targetProxy = D20D59A525D63AE300C36814 /* PBXContainerItemProxy */;
		};
/* End PBXTargetDependency section */

/* Begin PBXVariantGroup section */
		D20D599125D63AE300C36814 /* LaunchScreen.storyboard */ = {
			isa = PBXVariantGroup;
			children = (
				D20D599225D63AE300C36814 /* Base */,
			);
			name = LaunchScreen.storyboard;
			sourceTree = "<group>";
		};
/* End PBXVariantGroup section */

/* Begin XCBuildConfiguration section */
		D20D59AB25D63AE300C36814 /* Debug */ = {
			isa = XCBuildConfiguration;
			buildSettings = {
				ALWAYS_SEARCH_USER_PATHS = NO;
				CLANG_ANALYZER_NONNULL = YES;
				CLANG_ANALYZER_NUMBER_OBJECT_CONVERSION = YES_AGGRESSIVE;
				CLANG_CXX_LANGUAGE_STANDARD = "gnu++14";
				CLANG_CXX_LIBRARY = "libc++";
				CLANG_ENABLE_MODULES = YES;
				CLANG_ENABLE_OBJC_ARC = YES;
				CLANG_ENABLE_OBJC_WEAK = YES;
				CLANG_WARN_BLOCK_CAPTURE_AUTORELEASING = YES;
				CLANG_WARN_BOOL_CONVERSION = YES;
				CLANG_WARN_COMMA = YES;
				CLANG_WARN_CONSTANT_CONVERSION = YES;
				CLANG_WARN_DEPRECATED_OBJC_IMPLEMENTATIONS = YES;
				CLANG_WARN_DIRECT_OBJC_ISA_USAGE = YES_ERROR;
				CLANG_WARN_DOCUMENTATION_COMMENTS = YES;
				CLANG_WARN_EMPTY_BODY = YES;
				CLANG_WARN_ENUM_CONVERSION = YES;
				CLANG_WARN_INFINITE_RECURSION = YES;
				CLANG_WARN_INT_CONVERSION = YES;
				CLANG_WARN_NON_LITERAL_NULL_CONVERSION = YES;
				CLANG_WARN_OBJC_IMPLICIT_RETAIN_SELF = YES;
				CLANG_WARN_OBJC_LITERAL_CONVERSION = YES;
				CLANG_WARN_OBJC_ROOT_CLASS = YES_ERROR;
				CLANG_WARN_QUOTED_INCLUDE_IN_FRAMEWORK_HEADER = YES;
				CLANG_WARN_RANGE_LOOP_ANALYSIS = YES;
				CLANG_WARN_STRICT_PROTOTYPES = YES;
				CLANG_WARN_SUSPICIOUS_MOVE = YES;
				CLANG_WARN_UNGUARDED_AVAILABILITY = YES_AGGRESSIVE;
				CLANG_WARN_UNREACHABLE_CODE = YES;
				CLANG_WARN__DUPLICATE_METHOD_MATCH = YES;
				COPY_PHASE_STRIP = NO;
				DEBUG_INFORMATION_FORMAT = dwarf;
				ENABLE_STRICT_OBJC_MSGSEND = YES;
				ENABLE_TESTABILITY = YES;
				GCC_C_LANGUAGE_STANDARD = gnu11;
				GCC_DYNAMIC_NO_PIC = NO;
				GCC_NO_COMMON_BLOCKS = YES;
				GCC_OPTIMIZATION_LEVEL = 0;
				GCC_PREPROCESSOR_DEFINITIONS = (
					"DEBUG=1",
					"$(inherited)",
				);
				GCC_WARN_64_TO_32_BIT_CONVERSION = YES;
				GCC_WARN_ABOUT_RETURN_TYPE = YES_ERROR;
				GCC_WARN_UNDECLARED_SELECTOR = YES;
				GCC_WARN_UNINITIALIZED_AUTOS = YES_AGGRESSIVE;
				GCC_WARN_UNUSED_FUNCTION = YES;
				GCC_WARN_UNUSED_VARIABLE = YES;
				IPHONEOS_DEPLOYMENT_TARGET = 14.3;
				MTL_ENABLE_DEBUG_INFO = INCLUDE_SOURCE;
				MTL_FAST_MATH = YES;
				ONLY_ACTIVE_ARCH = YES;
				SDKROOT = iphoneos;
				SWIFT_ACTIVE_COMPILATION_CONDITIONS = DEBUG;
				SWIFT_OPTIMIZATION_LEVEL = "-Onone";
			};
			name = Debug;
		};
		D20D59AC25D63AE300C36814 /* Release */ = {
			isa = XCBuildConfiguration;
			buildSettings = {
				ALWAYS_SEARCH_USER_PATHS = NO;
				CLANG_ANALYZER_NONNULL = YES;
				CLANG_ANALYZER_NUMBER_OBJECT_CONVERSION = YES_AGGRESSIVE;
				CLANG_CXX_LANGUAGE_STANDARD = "gnu++14";
				CLANG_CXX_LIBRARY = "libc++";
				CLANG_ENABLE_MODULES = YES;
				CLANG_ENABLE_OBJC_ARC = YES;
				CLANG_ENABLE_OBJC_WEAK = YES;
				CLANG_WARN_BLOCK_CAPTURE_AUTORELEASING = YES;
				CLANG_WARN_BOOL_CONVERSION = YES;
				CLANG_WARN_COMMA = YES;
				CLANG_WARN_CONSTANT_CONVERSION = YES;
				CLANG_WARN_DEPRECATED_OBJC_IMPLEMENTATIONS = YES;
				CLANG_WARN_DIRECT_OBJC_ISA_USAGE = YES_ERROR;
				CLANG_WARN_DOCUMENTATION_COMMENTS = YES;
				CLANG_WARN_EMPTY_BODY = YES;
				CLANG_WARN_ENUM_CONVERSION = YES;
				CLANG_WARN_INFINITE_RECURSION = YES;
				CLANG_WARN_INT_CONVERSION = YES;
				CLANG_WARN_NON_LITERAL_NULL_CONVERSION = YES;
				CLANG_WARN_OBJC_IMPLICIT_RETAIN_SELF = YES;
				CLANG_WARN_OBJC_LITERAL_CONVERSION = YES;
				CLANG_WARN_OBJC_ROOT_CLASS = YES_ERROR;
				CLANG_WARN_QUOTED_INCLUDE_IN_FRAMEWORK_HEADER = YES;
				CLANG_WARN_RANGE_LOOP_ANALYSIS = YES;
				CLANG_WARN_STRICT_PROTOTYPES = YES;
				CLANG_WARN_SUSPICIOUS_MOVE = YES;
				CLANG_WARN_UNGUARDED_AVAILABILITY = YES_AGGRESSIVE;
				CLANG_WARN_UNREACHABLE_CODE = YES;
				CLANG_WARN__DUPLICATE_METHOD_MATCH = YES;
				COPY_PHASE_STRIP = NO;
				DEBUG_INFORMATION_FORMAT = "dwarf-with-dsym";
				ENABLE_NS_ASSERTIONS = NO;
				ENABLE_STRICT_OBJC_MSGSEND = YES;
				GCC_C_LANGUAGE_STANDARD = gnu11;
				GCC_NO_COMMON_BLOCKS = YES;
				GCC_WARN_64_TO_32_BIT_CONVERSION = YES;
				GCC_WARN_ABOUT_RETURN_TYPE = YES_ERROR;
				GCC_WARN_UNDECLARED_SELECTOR = YES;
				GCC_WARN_UNINITIALIZED_AUTOS = YES_AGGRESSIVE;
				GCC_WARN_UNUSED_FUNCTION = YES;
				GCC_WARN_UNUSED_VARIABLE = YES;
				IPHONEOS_DEPLOYMENT_TARGET = 14.3;
				MTL_ENABLE_DEBUG_INFO = NO;
				MTL_FAST_MATH = YES;
				SDKROOT = iphoneos;
				SWIFT_COMPILATION_MODE = wholemodule;
				SWIFT_OPTIMIZATION_LEVEL = "-O";
				VALIDATE_PRODUCT = YES;
			};
			name = Release;
		};
		D20D59AE25D63AE300C36814 /* Debug */ = {
			isa = XCBuildConfiguration;
			baseConfigurationReference = 93C9CA20BC4898554FEB6D83 /* Pods-flixster.debug.xcconfig */;
			buildSettings = {
				ASSETCATALOG_COMPILER_APPICON_NAME = AppIcon;
				ASSETCATALOG_COMPILER_GLOBAL_ACCENT_COLOR_NAME = AccentColor;
				CODE_SIGN_STYLE = Automatic;
				INFOPLIST_FILE = flixster/Info.plist;
				LD_RUNPATH_SEARCH_PATHS = (
					"$(inherited)",
					"@executable_path/Frameworks",
				);
				PRODUCT_BUNDLE_IDENTIFIER = "tanhajyoti2000-gmail.com.flixster";
				PRODUCT_NAME = "$(TARGET_NAME)";
				SWIFT_VERSION = 5.0;
				TARGETED_DEVICE_FAMILY = "1,2";
			};
			name = Debug;
		};
		D20D59AF25D63AE300C36814 /* Release */ = {
			isa = XCBuildConfiguration;
			baseConfigurationReference = CB7B0E6DB993648D6253A0AA /* Pods-flixster.release.xcconfig */;
			buildSettings = {
				ASSETCATALOG_COMPILER_APPICON_NAME = AppIcon;
				ASSETCATALOG_COMPILER_GLOBAL_ACCENT_COLOR_NAME = AccentColor;
				CODE_SIGN_STYLE = Automatic;
				INFOPLIST_FILE = flixster/Info.plist;
				LD_RUNPATH_SEARCH_PATHS = (
					"$(inherited)",
					"@executable_path/Frameworks",
				);
				PRODUCT_BUNDLE_IDENTIFIER = "tanhajyoti2000-gmail.com.flixster";
				PRODUCT_NAME = "$(TARGET_NAME)";
				SWIFT_VERSION = 5.0;
				TARGETED_DEVICE_FAMILY = "1,2";
			};
			name = Release;
		};
		D20D59B125D63AE300C36814 /* Debug */ = {
			isa = XCBuildConfiguration;
			baseConfigurationReference = 44312D643D0376D0D4D6B15F /* Pods-flixsterTests.debug.xcconfig */;
			buildSettings = {
				ALWAYS_EMBED_SWIFT_STANDARD_LIBRARIES = YES;
				BUNDLE_LOADER = "$(TEST_HOST)";
				CODE_SIGN_STYLE = Automatic;
				INFOPLIST_FILE = flixsterTests/Info.plist;
				IPHONEOS_DEPLOYMENT_TARGET = 14.3;
				LD_RUNPATH_SEARCH_PATHS = (
					"$(inherited)",
					"@executable_path/Frameworks",
					"@loader_path/Frameworks",
				);
				PRODUCT_BUNDLE_IDENTIFIER = "tanhajyoti2000-gmail.com.flixsterTests";
				PRODUCT_NAME = "$(TARGET_NAME)";
				SWIFT_VERSION = 5.0;
				TARGETED_DEVICE_FAMILY = "1,2";
				TEST_HOST = "$(BUILT_PRODUCTS_DIR)/flixster.app/flixster";
			};
			name = Debug;
		};
		D20D59B225D63AE300C36814 /* Release */ = {
			isa = XCBuildConfiguration;
			baseConfigurationReference = 71C3F008AEA1D80484DEBAA1 /* Pods-flixsterTests.release.xcconfig */;
			buildSettings = {
				ALWAYS_EMBED_SWIFT_STANDARD_LIBRARIES = YES;
				BUNDLE_LOADER = "$(TEST_HOST)";
				CODE_SIGN_STYLE = Automatic;
				INFOPLIST_FILE = flixsterTests/Info.plist;
				IPHONEOS_DEPLOYMENT_TARGET = 14.3;
				LD_RUNPATH_SEARCH_PATHS = (
					"$(inherited)",
					"@executable_path/Frameworks",
					"@loader_path/Frameworks",
				);
				PRODUCT_BUNDLE_IDENTIFIER = "tanhajyoti2000-gmail.com.flixsterTests";
				PRODUCT_NAME = "$(TARGET_NAME)";
				SWIFT_VERSION = 5.0;
				TARGETED_DEVICE_FAMILY = "1,2";
				TEST_HOST = "$(BUILT_PRODUCTS_DIR)/flixster.app/flixster";
			};
			name = Release;
		};
		D20D59B425D63AE300C36814 /* Debug */ = {
			isa = XCBuildConfiguration;
			baseConfigurationReference = CC09005D88DF03FA4F8C4AE2 /* Pods-flixster-flixsterUITests.debug.xcconfig */;
			buildSettings = {
				ALWAYS_EMBED_SWIFT_STANDARD_LIBRARIES = YES;
				CODE_SIGN_STYLE = Automatic;
				INFOPLIST_FILE = flixsterUITests/Info.plist;
				LD_RUNPATH_SEARCH_PATHS = (
					"$(inherited)",
					"@executable_path/Frameworks",
					"@loader_path/Frameworks",
				);
				PRODUCT_BUNDLE_IDENTIFIER = "tanhajyoti2000-gmail.com.flixsterUITests";
				PRODUCT_NAME = "$(TARGET_NAME)";
				SWIFT_VERSION = 5.0;
				TARGETED_DEVICE_FAMILY = "1,2";
				TEST_TARGET_NAME = flixster;
			};
			name = Debug;
		};
		D20D59B525D63AE300C36814 /* Release */ = {
			isa = XCBuildConfiguration;
			baseConfigurationReference = 8A94D8453B5E2F09C5273DC0 /* Pods-flixster-flixsterUITests.release.xcconfig */;
			buildSettings = {
				ALWAYS_EMBED_SWIFT_STANDARD_LIBRARIES = YES;
				CODE_SIGN_STYLE = Automatic;
				INFOPLIST_FILE = flixsterUITests/Info.plist;
				LD_RUNPATH_SEARCH_PATHS = (
					"$(inherited)",
					"@executable_path/Frameworks",
					"@loader_path/Frameworks",
				);
				PRODUCT_BUNDLE_IDENTIFIER = "tanhajyoti2000-gmail.com.flixsterUITests";
				PRODUCT_NAME = "$(TARGET_NAME)";
				SWIFT_VERSION = 5.0;
				TARGETED_DEVICE_FAMILY = "1,2";
				TEST_TARGET_NAME = flixster;
			};
			name = Release;
		};
/* End XCBuildConfiguration section */

/* Begin XCConfigurationList section */
		D20D597E25D63ADD00C36814 /* Build configuration list for PBXProject "flixster" */ = {
			isa = XCConfigurationList;
			buildConfigurations = (
				D20D59AB25D63AE300C36814 /* Debug */,
				D20D59AC25D63AE300C36814 /* Release */,
			);
			defaultConfigurationIsVisible = 0;
			defaultConfigurationName = Release;
		};
		D20D59AD25D63AE300C36814 /* Build configuration list for PBXNativeTarget "flixster" */ = {
			isa = XCConfigurationList;
			buildConfigurations = (
				D20D59AE25D63AE300C36814 /* Debug */,
				D20D59AF25D63AE300C36814 /* Release */,
			);
			defaultConfigurationIsVisible = 0;
			defaultConfigurationName = Release;
		};
		D20D59B025D63AE300C36814 /* Build configuration list for PBXNativeTarget "flixsterTests" */ = {
			isa = XCConfigurationList;
			buildConfigurations = (
				D20D59B125D63AE300C36814 /* Debug */,
				D20D59B225D63AE300C36814 /* Release */,
			);
			defaultConfigurationIsVisible = 0;
			defaultConfigurationName = Release;
		};
		D20D59B325D63AE300C36814 /* Build configuration list for PBXNativeTarget "flixsterUITests" */ = {
			isa = XCConfigurationList;
			buildConfigurations = (
				D20D59B425D63AE300C36814 /* Debug */,
				D20D59B525D63AE300C36814 /* Release */,
			);
			defaultConfigurationIsVisible = 0;
			defaultConfigurationName = Release;
		};
/* End XCConfigurationList section */
	};
	rootObject = D20D597B25D63ADD00C36814 /* Project object */;
}
